
Microsoft Visual Studio Solution File, Format Version 12.00
# Visual Studio 14
VisualStudioVersion = 14.0.25420.1
MinimumVisualStudioVersion = 10.0.40219.1
Project("{FAE04EC0-301F-11D3-BF4B-00C04F79EFBC}") = "Calender", "Calender\Calender.csproj", "{6F221C51-50F6-46A2-8A8C-62C3BDDAEDC6}"
EndProject
Project("{54435603-DBB4-11D2-8724-00A0C9A8B90C}") = "CalenderApp_Tijs_Thomas", "CalenderApp_Tijs_Thomas\CalenderApp_Tijs_Thomas.vdproj", "{1D0C65AF-4AF8-4305-8493-1F44A7EA6DEC}"
EndProject
Global
	GlobalSection(SolutionConfigurationPlatforms) = preSolution
		Debug|Any CPU = Debug|Any CPU
		Release|Any CPU = Release|Any CPU
	EndGlobalSection
	GlobalSection(ProjectConfigurationPlatforms) = postSolution
		{6F221C51-50F6-46A2-8A8C-62C3BDDAEDC6}.Debug|Any CPU.ActiveCfg = Debug|Any CPU
		{6F221C51-50F6-46A2-8A8C-62C3BDDAEDC6}.Debug|Any CPU.Build.0 = Debug|Any CPU
		{6F221C51-50F6-46A2-8A8C-62C3BDDAEDC6}.Release|Any CPU.ActiveCfg = Release|Any CPU
		{6F221C51-50F6-46A2-8A8C-62C3BDDAEDC6}.Release|Any CPU.Build.0 = Release|Any CPU
		{1D0C65AF-4AF8-4305-8493-1F44A7EA6DEC}.Debug|Any CPU.ActiveCfg = Debug
		{1D0C65AF-4AF8-4305-8493-1F44A7EA6DEC}.Debug|Any CPU.Build.0 = Debug
		{1D0C65AF-4AF8-4305-8493-1F44A7EA6DEC}.Release|Any CPU.ActiveCfg = Release
	EndGlobalSection
	GlobalSection(SolutionProperties) = preSolution
		HideSolutionNode = FALSE
	EndGlobalSection
	GlobalSection(ExtensibilityGlobals) = postSolution
		SolutionGuid = {4D5BB9ED-7366-4B5E-86F6-5014D71A6A6C}
	EndGlobalSection
EndGlobal
